
Microsoft Visual Studio Solution File, Format Version 12.00
# Visual Studio 15
VisualStudioVersion = 15.0.28307.852
MinimumVisualStudioVersion = 10.0.40219.1
Project("{FAE04EC0-301F-11D3-BF4B-00C04F79EFBC}") = "04", "04\04.csproj", "{94CB10A3-113B-4DF3-958A-F6C23A334446}"
EndProject
Project("{FAE04EC0-301F-11D3-BF4B-00C04F79EFBC}") = "04-problem-2", "04-problem-2\04-problem-2.csproj", "{1285C1F9-9FFD-4B89-AC06-95BD3A6B247E}"
EndProject
Project("{FAE04EC0-301F-11D3-BF4B-00C04F79EFBC}") = "04-problem-3", "04-problem-3\04-problem-3.csproj", "{BBFB9E76-37BC-4D11-BBF2-87B4DC4C4D7A}"
EndProject
Project("{FAE04EC0-301F-11D3-BF4B-00C04F79EFBC}") = "04-problem-4", "04-problem-4\04-problem-4.csproj", "{A6605ADB-F3E1-418C-A6AE-F60A6B1E14B1}"
EndProject
Project("{FAE04EC0-301F-11D3-BF4B-00C04F79EFBC}") = "04-problem-5", "04-problem-5\04-problem-5.csproj", "{8D467639-748B-44FD-B6F0-F16DAF3B5156}"
EndProject
Global
	GlobalSection(SolutionConfigurationPlatforms) = preSolution
		Debug|Any CPU = Debug|Any CPU
		Release|Any CPU = Release|Any CPU
	EndGlobalSection
	GlobalSection(ProjectConfigurationPlatforms) = postSolution
		{94CB10A3-113B-4DF3-958A-F6C23A334446}.Debug|Any CPU.ActiveCfg = Debug|Any CPU
		{94CB10A3-113B-4DF3-958A-F6C23A334446}.Debug|Any CPU.Build.0 = Debug|Any CPU
		{94CB10A3-113B-4DF3-958A-F6C23A334446}.Release|Any CPU.ActiveCfg = Release|Any CPU
		{94CB10A3-113B-4DF3-958A-F6C23A334446}.Release|Any CPU.Build.0 = Release|Any CPU
		{1285C1F9-9FFD-4B89-AC06-95BD3A6B247E}.Debug|Any CPU.ActiveCfg = Debug|Any CPU
		{1285C1F9-9FFD-4B89-AC06-95BD3A6B247E}.Debug|Any CPU.Build.0 = Debug|Any CPU
		{1285C1F9-9FFD-4B89-AC06-95BD3A6B247E}.Release|Any CPU.ActiveCfg = Release|Any CPU
		{1285C1F9-9FFD-4B89-AC06-95BD3A6B247E}.Release|Any CPU.Build.0 = Release|Any CPU
		{BBFB9E76-37BC-4D11-BBF2-87B4DC4C4D7A}.Debug|Any CPU.ActiveCfg = Debug|Any CPU
		{BBFB9E76-37BC-4D11-BBF2-87B4DC4C4D7A}.Debug|Any CPU.Build.0 = Debug|Any CPU
		{BBFB9E76-37BC-4D11-BBF2-87B4DC4C4D7A}.Release|Any CPU.ActiveCfg = Release|Any CPU
		{BBFB9E76-37BC-4D11-BBF2-87B4DC4C4D7A}.Release|Any CPU.Build.0 = Release|Any CPU
		{A6605ADB-F3E1-418C-A6AE-F60A6B1E14B1}.Debug|Any CPU.ActiveCfg = Debug|Any CPU
		{A6605ADB-F3E1-418C-A6AE-F60A6B1E14B1}.Debug|Any CPU.Build.0 = Debug|Any CPU
		{A6605ADB-F3E1-418C-A6AE-F60A6B1E14B1}.Release|Any CPU.ActiveCfg = Release|Any CPU
		{A6605ADB-F3E1-418C-A6AE-F60A6B1E14B1}.Release|Any CPU.Build.0 = Release|Any CPU
		{8D467639-748B-44FD-B6F0-F16DAF3B5156}.Debug|Any CPU.ActiveCfg = Debug|Any CPU
		{8D467639-748B-44FD-B6F0-F16DAF3B5156}.Debug|Any CPU.Build.0 = Debug|Any CPU
		{8D467639-748B-44FD-B6F0-F16DAF3B5156}.Release|Any CPU.ActiveCfg = Release|Any CPU
		{8D467639-748B-44FD-B6F0-F16DAF3B5156}.Release|Any CPU.Build.0 = Release|Any CPU
	EndGlobalSection
	GlobalSection(SolutionProperties) = preSolution
		HideSolutionNode = FALSE
	EndGlobalSection
	GlobalSection(ExtensibilityGlobals) = postSolution
		SolutionGuid = {4C611528-3B6A-4802-BBAF-86EEF43CEC6B}
	EndGlobalSection
EndGlobal
