
Microsoft Visual Studio Solution File, Format Version 12.00
# Visual Studio 15
VisualStudioVersion = 15.0.28307.852
MinimumVisualStudioVersion = 10.0.40219.1
Project("{FAE04EC0-301F-11D3-BF4B-00C04F79EFBC}") = "lab-data", "lab-data\lab-data.csproj", "{FEC62F47-804E-4FDA-BD01-DB7D008D174A}"
EndProject
Global
	GlobalSection(SolutionConfigurationPlatforms) = preSolution
		Debug|Any CPU = Debug|Any CPU
		Release|Any CPU = Release|Any CPU
	EndGlobalSection
	GlobalSection(ProjectConfigurationPlatforms) = postSolution
		{FEC62F47-804E-4FDA-BD01-DB7D008D174A}.Debug|Any CPU.ActiveCfg = Debug|Any CPU
		{FEC62F47-804E-4FDA-BD01-DB7D008D174A}.Debug|Any CPU.Build.0 = Debug|Any CPU
		{FEC62F47-804E-4FDA-BD01-DB7D008D174A}.Release|Any CPU.ActiveCfg = Release|Any CPU
		{FEC62F47-804E-4FDA-BD01-DB7D008D174A}.Release|Any CPU.Build.0 = Release|Any CPU
	EndGlobalSection
	GlobalSection(SolutionProperties) = preSolution
		HideSolutionNode = FALSE
	EndGlobalSection
	GlobalSection(ExtensibilityGlobals) = postSolution
		SolutionGuid = {9733345D-6C14-4D86-A3D7-52CD435A7319}
	EndGlobalSection
EndGlobal
